// !$*UTF8*$!
{
	archiveVersion = 1;
	classes = {
	};
	objectVersion = 52;
	objects = {

/* Begin PBXBuildFile section */
		674C927528F2ABF50043CDB1 /* AppDelegate.swift in Sources */ = {isa = PBXBuildFile; fileRef = 674C927428F2ABF50043CDB1 /* AppDelegate.swift */; };
		674C927728F2ABF50043CDB1 /* SceneDelegate.swift in Sources */ = {isa = PBXBuildFile; fileRef = 674C927628F2ABF50043CDB1 /* SceneDelegate.swift */; };
		674C927C28F2ABF50043CDB1 /* Main.storyboard in Resources */ = {isa = PBXBuildFile; fileRef = 674C927A28F2ABF50043CDB1 /* Main.storyboard */; };
		674C927E28F2ABF70043CDB1 /* Assets.xcassets in Resources */ = {isa = PBXBuildFile; fileRef = 674C927D28F2ABF70043CDB1 /* Assets.xcassets */; };
		674C928128F2ABF70043CDB1 /* LaunchScreen.storyboard in Resources */ = {isa = PBXBuildFile; fileRef = 674C927F28F2ABF70043CDB1 /* LaunchScreen.storyboard */; };
		674C928C28F2CA500043CDB1 /* LoginViewController.swift in Sources */ = {isa = PBXBuildFile; fileRef = 674C928B28F2CA500043CDB1 /* LoginViewController.swift */; };
		674C928E28F2CA720043CDB1 /* FeedViewController.swift in Sources */ = {isa = PBXBuildFile; fileRef = 674C928D28F2CA720043CDB1 /* FeedViewController.swift */; };
		678573F428F4186400467138 /* Kingfisher in Frameworks */ = {isa = PBXBuildFile; productRef = 678573F328F4186400467138 /* Kingfisher */; };
		67AEEAFF28F3C92100C6946D /* CameraViewController.swift in Sources */ = {isa = PBXBuildFile; fileRef = 67AEEAFE28F3C92100C6946D /* CameraViewController.swift */; };
		67AEEB0128F3F76700C6946D /* PostCell.swift in Sources */ = {isa = PBXBuildFile; fileRef = 67AEEB0028F3F76700C6946D /* PostCell.swift */; };
		72788A0D27E13E1F23287F58 /* Pods_Parstagram.framework in Frameworks */ = {isa = PBXBuildFile; fileRef = 1D51ECAFACECC913090ECE26 /* Pods_Parstagram.framework */; };
/* End PBXBuildFile section */

/* Begin PBXFileReference section */
		1D51ECAFACECC913090ECE26 /* Pods_Parstagram.framework */ = {isa = PBXFileReference; explicitFileType = wrapper.framework; includeInIndex = 0; path = Pods_Parstagram.framework; sourceTree = BUILT_PRODUCTS_DIR; };
		3B310926CBC80A930EDAD9AC /* Pods-Parstagram.debug.xcconfig */ = {isa = PBXFileReference; includeInIndex = 1; lastKnownFileType = text.xcconfig; name = "Pods-Parstagram.debug.xcconfig"; path = "Target Support Files/Pods-Parstagram/Pods-Parstagram.debug.xcconfig"; sourceTree = "<group>"; };
		5573AFF34C04570522C194FB /* Pods-Parstagram.release.xcconfig */ = {isa = PBXFileReference; includeInIndex = 1; lastKnownFileType = text.xcconfig; name = "Pods-Parstagram.release.xcconfig"; path = "Target Support Files/Pods-Parstagram/Pods-Parstagram.release.xcconfig"; sourceTree = "<group>"; };
		674C927128F2ABF50043CDB1 /* Parstagram.app */ = {isa = PBXFileReference; explicitFileType = wrapper.application; includeInIndex = 0; path = Parstagram.app; sourceTree = BUILT_PRODUCTS_DIR; };
		674C927428F2ABF50043CDB1 /* AppDelegate.swift */ = {isa = PBXFileReference; lastKnownFileType = sourcecode.swift; path = AppDelegate.swift; sourceTree = "<group>"; };
		674C927628F2ABF50043CDB1 /* SceneDelegate.swift */ = {isa = PBXFileReference; lastKnownFileType = sourcecode.swift; path = SceneDelegate.swift; sourceTree = "<group>"; };
		674C927B28F2ABF50043CDB1 /* Base */ = {isa = PBXFileReference; lastKnownFileType = file.storyboard; name = Base; path = Base.lproj/Main.storyboard; sourceTree = "<group>"; };
		674C927D28F2ABF70043CDB1 /* Assets.xcassets */ = {isa = PBXFileReference; lastKnownFileType = folder.assetcatalog; path = Assets.xcassets; sourceTree = "<group>"; };
		674C928028F2ABF70043CDB1 /* Base */ = {isa = PBXFileReference; lastKnownFileType = file.storyboard; name = Base; path = Base.lproj/LaunchScreen.storyboard; sourceTree = "<group>"; };
		674C928228F2ABF70043CDB1 /* Info.plist */ = {isa = PBXFileReference; lastKnownFileType = text.plist.xml; path = Info.plist; sourceTree = "<group>"; };
		674C928B28F2CA500043CDB1 /* LoginViewController.swift */ = {isa = PBXFileReference; lastKnownFileType = sourcecode.swift; path = LoginViewController.swift; sourceTree = "<group>"; };
		674C928D28F2CA720043CDB1 /* FeedViewController.swift */ = {isa = PBXFileReference; lastKnownFileType = sourcecode.swift; path = FeedViewController.swift; sourceTree = "<group>"; };
		67AEEAFE28F3C92100C6946D /* CameraViewController.swift */ = {isa = PBXFileReference; lastKnownFileType = sourcecode.swift; path = CameraViewController.swift; sourceTree = "<group>"; };
		67AEEB0028F3F76700C6946D /* PostCell.swift */ = {isa = PBXFileReference; lastKnownFileType = sourcecode.swift; path = PostCell.swift; sourceTree = "<group>"; };
/* End PBXFileReference section */

/* Begin PBXFrameworksBuildPhase section */
		674C926E28F2ABF50043CDB1 /* Frameworks */ = {
			isa = PBXFrameworksBuildPhase;
			buildActionMask = 2147483647;
			files = (
				678573F428F4186400467138 /* Kingfisher in Frameworks */,
				72788A0D27E13E1F23287F58 /* Pods_Parstagram.framework in Frameworks */,
			);
			runOnlyForDeploymentPostprocessing = 0;
		};
/* End PBXFrameworksBuildPhase section */

/* Begin PBXGroup section */
		2B7049ED630A0E01DF26C2BB /* Frameworks */ = {
			isa = PBXGroup;
			children = (
				1D51ECAFACECC913090ECE26 /* Pods_Parstagram.framework */,
			);
			name = Frameworks;
			sourceTree = "<group>";
		};
		674C926828F2ABF50043CDB1 = {
			isa = PBXGroup;
			children = (
				674C927328F2ABF50043CDB1 /* Parstagram */,
				674C927228F2ABF50043CDB1 /* Products */,
				A61909BFBB3BFD2C5182C33A /* Pods */,
				2B7049ED630A0E01DF26C2BB /* Frameworks */,
			);
			sourceTree = "<group>";
		};
		674C927228F2ABF50043CDB1 /* Products */ = {
			isa = PBXGroup;
			children = (
				674C927128F2ABF50043CDB1 /* Parstagram.app */,
			);
			name = Products;
			sourceTree = "<group>";
		};
		674C927328F2ABF50043CDB1 /* Parstagram */ = {
			isa = PBXGroup;
			children = (
				674C927428F2ABF50043CDB1 /* AppDelegate.swift */,
				674C927628F2ABF50043CDB1 /* SceneDelegate.swift */,
				674C927A28F2ABF50043CDB1 /* Main.storyboard */,
				674C927D28F2ABF70043CDB1 /* Assets.xcassets */,
				674C927F28F2ABF70043CDB1 /* LaunchScreen.storyboard */,
				674C928228F2ABF70043CDB1 /* Info.plist */,
				674C928B28F2CA500043CDB1 /* LoginViewController.swift */,
				674C928D28F2CA720043CDB1 /* FeedViewController.swift */,
				67AEEAFE28F3C92100C6946D /* CameraViewController.swift */,
				67AEEB0028F3F76700C6946D /* PostCell.swift */,
			);
			path = Parstagram;
			sourceTree = "<group>";
		};
		A61909BFBB3BFD2C5182C33A /* Pods */ = {
			isa = PBXGroup;
			children = (
				3B310926CBC80A930EDAD9AC /* Pods-Parstagram.debug.xcconfig */,
				5573AFF34C04570522C194FB /* Pods-Parstagram.release.xcconfig */,
			);
			path = Pods;
			sourceTree = "<group>";
		};
/* End PBXGroup section */

/* Begin PBXNativeTarget section */
		674C927028F2ABF50043CDB1 /* Parstagram */ = {
			isa = PBXNativeTarget;
			buildConfigurationList = 674C928528F2ABF70043CDB1 /* Build configuration list for PBXNativeTarget "Parstagram" */;
			buildPhases = (
				42358AA59712DBCBBBBF4E02 /* [CP] Check Pods Manifest.lock */,
				674C926D28F2ABF50043CDB1 /* Sources */,
				674C926E28F2ABF50043CDB1 /* Frameworks */,
				674C926F28F2ABF50043CDB1 /* Resources */,
				6F4F79923F7C5FBE530C9211 /* [CP] Embed Pods Frameworks */,
			);
			buildRules = (
			);
			dependencies = (
			);
			name = Parstagram;
			packageProductDependencies = (
				678573F328F4186400467138 /* Kingfisher */,
			);
			productName = Parstagram;
			productReference = 674C927128F2ABF50043CDB1 /* Parstagram.app */;
			productType = "com.apple.product-type.application";
		};
/* End PBXNativeTarget section */

/* Begin PBXProject section */
		674C926928F2ABF50043CDB1 /* Project object */ = {
			isa = PBXProject;
			attributes = {
				LastSwiftUpdateCheck = 1140;
				LastUpgradeCheck = 1140;
				ORGANIZATIONNAME = "Mina Sedhom";
				TargetAttributes = {
					674C927028F2ABF50043CDB1 = {
						CreatedOnToolsVersion = 11.4;
					};
				};
			};
			buildConfigurationList = 674C926C28F2ABF50043CDB1 /* Build configuration list for PBXProject "Parstagram" */;
			compatibilityVersion = "Xcode 9.3";
			developmentRegion = en;
			hasScannedForEncodings = 0;
			knownRegions = (
				en,
				Base,
			);
			mainGroup = 674C926828F2ABF50043CDB1;
			packageReferences = (
				678573F228F4186400467138 /* XCRemoteSwiftPackageReference "Kingfisher" */,
			);
			productRefGroup = 674C927228F2ABF50043CDB1 /* Products */;
			projectDirPath = "";
			projectRoot = "";
			targets = (
				674C927028F2ABF50043CDB1 /* Parstagram */,
			);
		};
/* End PBXProject section */

/* Begin PBXResourcesBuildPhase section */
		674C926F28F2ABF50043CDB1 /* Resources */ = {
			isa = PBXResourcesBuildPhase;
			buildActionMask = 2147483647;
			files = (
				674C928128F2ABF70043CDB1 /* LaunchScreen.storyboard in Resources */,
				674C927E28F2ABF70043CDB1 /* Assets.xcassets in Resources */,
				674C927C28F2ABF50043CDB1 /* Main.storyboard in Resources */,
			);
			runOnlyForDeploymentPostprocessing = 0;
		};
/* End PBXResourcesBuildPhase section */

/* Begin PBXShellScriptBuildPhase section */
		42358AA59712DBCBBBBF4E02 /* [CP] Check Pods Manifest.lock */ = {
			isa = PBXShellScriptBuildPhase;
			buildActionMask = 2147483647;
			files = (
			);
			inputFileListPaths = (
			);
			inputPaths = (
				"${PODS_PODFILE_DIR_PATH}/Podfile.lock",
				"${PODS_ROOT}/Manifest.lock",
			);
			name = "[CP] Check Pods Manifest.lock";
			outputFileListPaths = (
			);
			outputPaths = (
				"$(DERIVED_FILE_DIR)/Pods-Parstagram-checkManifestLockResult.txt",
			);
			runOnlyForDeploymentPostprocessing = 0;
			shellPath = /bin/sh;
			shellScript = "diff \"${PODS_PODFILE_DIR_PATH}/Podfile.lock\" \"${PODS_ROOT}/Manifest.lock\" > /dev/null\nif [ $? != 0 ] ; then\n    # print error to STDERR\n    echo \"error: The sandbox is not in sync with the Podfile.lock. Run 'pod install' or update your CocoaPods installation.\" >&2\n    exit 1\nfi\n# This output is used by Xcode 'outputs' to avoid re-running this script phase.\necho \"SUCCESS\" > \"${SCRIPT_OUTPUT_FILE_0}\"\n";
			showEnvVarsInLog = 0;
		};
		6F4F79923F7C5FBE530C9211 /* [CP] Embed Pods Frameworks */ = {
			isa = PBXShellScriptBuildPhase;
			buildActionMask = 2147483647;
			files = (
			);
			inputFileListPaths = (
				"${PODS_ROOT}/Target Support Files/Pods-Parstagram/Pods-Parstagram-frameworks-${CONFIGURATION}-input-files.xcfilelist",
			);
			name = "[CP] Embed Pods Frameworks";
			outputFileListPaths = (
				"${PODS_ROOT}/Target Support Files/Pods-Parstagram/Pods-Parstagram-frameworks-${CONFIGURATION}-output-files.xcfilelist",
			);
			runOnlyForDeploymentPostprocessing = 0;
			shellPath = /bin/sh;
			shellScript = "\"${PODS_ROOT}/Target Support Files/Pods-Parstagram/Pods-Parstagram-frameworks.sh\"\n";
			showEnvVarsInLog = 0;
		};
/* End PBXShellScriptBuildPhase section */

/* Begin PBXSourcesBuildPhase section */
		674C926D28F2ABF50043CDB1 /* Sources */ = {
			isa = PBXSourcesBuildPhase;
			buildActionMask = 2147483647;
			files = (
				674C928C28F2CA500043CDB1 /* LoginViewController.swift in Sources */,
				67AEEAFF28F3C92100C6946D /* CameraViewController.swift in Sources */,
				674C927528F2ABF50043CDB1 /* AppDelegate.swift in Sources */,
				674C928E28F2CA720043CDB1 /* FeedViewController.swift in Sources */,
				674C927728F2ABF50043CDB1 /* SceneDelegate.swift in Sources */,
				67AEEB0128F3F76700C6946D /* PostCell.swift in Sources */,
			);
			runOnlyForDeploymentPostprocessing = 0;
		};
/* End PBXSourcesBuildPhase section */

/* Begin PBXVariantGroup section */
		674C927A28F2ABF50043CDB1 /* Main.storyboard */ = {
			isa = PBXVariantGroup;
			children = (
				674C927B28F2ABF50043CDB1 /* Base */,
			);
			name = Main.storyboard;
			sourceTree = "<group>";
		};
		674C927F28F2ABF70043CDB1 /* LaunchScreen.storyboard */ = {
			isa = PBXVariantGroup;
			children = (
				674C928028F2ABF70043CDB1 /* Base */,
			);
			name = LaunchScreen.storyboard;
			sourceTree = "<group>";
		};
/* End PBXVariantGroup section */

/* Begin XCBuildConfiguration section */
		674C928328F2ABF70043CDB1 /* Debug */ = {
			isa = XCBuildConfiguration;
			buildSettings = {
				ALWAYS_SEARCH_USER_PATHS = NO;
				CLANG_ANALYZER_NONNULL = YES;
				CLANG_ANALYZER_NUMBER_OBJECT_CONVERSION = YES_AGGRESSIVE;
				CLANG_CXX_LANGUAGE_STANDARD = "gnu++14";
				CLANG_CXX_LIBRARY = "libc++";
				CLANG_ENABLE_MODULES = YES;
				CLANG_ENABLE_OBJC_ARC = YES;
				CLANG_ENABLE_OBJC_WEAK = YES;
				CLANG_WARN_BLOCK_CAPTURE_AUTORELEASING = YES;
				CLANG_WARN_BOOL_CONVERSION = YES;
				CLANG_WARN_COMMA = YES;
				CLANG_WARN_CONSTANT_CONVERSION = YES;
				CLANG_WARN_DEPRECATED_OBJC_IMPLEMENTATIONS = YES;
				CLANG_WARN_DIRECT_OBJC_ISA_USAGE = YES_ERROR;
				CLANG_WARN_DOCUMENTATION_COMMENTS = YES;
				CLANG_WARN_EMPTY_BODY = YES;
				CLANG_WARN_ENUM_CONVERSION = YES;
				CLANG_WARN_INFINITE_RECURSION = YES;
				CLANG_WARN_INT_CONVERSION = YES;
				CLANG_WARN_NON_LITERAL_NULL_CONVERSION = YES;
				CLANG_WARN_OBJC_IMPLICIT_RETAIN_SELF = YES;
				CLANG_WARN_OBJC_LITERAL_CONVERSION = YES;
				CLANG_WARN_OBJC_ROOT_CLASS = YES_ERROR;
				CLANG_WARN_RANGE_LOOP_ANALYSIS = YES;
				CLANG_WARN_STRICT_PROTOTYPES = YES;
				CLANG_WARN_SUSPICIOUS_MOVE = YES;
				CLANG_WARN_UNGUARDED_AVAILABILITY = YES_AGGRESSIVE;
				CLANG_WARN_UNREACHABLE_CODE = YES;
				CLANG_WARN__DUPLICATE_METHOD_MATCH = YES;
				COPY_PHASE_STRIP = NO;
				DEBUG_INFORMATION_FORMAT = dwarf;
				ENABLE_STRICT_OBJC_MSGSEND = YES;
				ENABLE_TESTABILITY = YES;
				GCC_C_LANGUAGE_STANDARD = gnu11;
				GCC_DYNAMIC_NO_PIC = NO;
				GCC_NO_COMMON_BLOCKS = YES;
				GCC_OPTIMIZATION_LEVEL = 0;
				GCC_PREPROCESSOR_DEFINITIONS = (
					"DEBUG=1",
					"$(inherited)",
				);
				GCC_WARN_64_TO_32_BIT_CONVERSION = YES;
				GCC_WARN_ABOUT_RETURN_TYPE = YES_ERROR;
				GCC_WARN_UNDECLARED_SELECTOR = YES;
				GCC_WARN_UNINITIALIZED_AUTOS = YES_AGGRESSIVE;
				GCC_WARN_UNUSED_FUNCTION = YES;
				GCC_WARN_UNUSED_VARIABLE = YES;
				IPHONEOS_DEPLOYMENT_TARGET = 13.4;
				MTL_ENABLE_DEBUG_INFO = INCLUDE_SOURCE;
				MTL_FAST_MATH = YES;
				ONLY_ACTIVE_ARCH = YES;
				SDKROOT = iphoneos;
				SWIFT_ACTIVE_COMPILATION_CONDITIONS = DEBUG;
				SWIFT_OPTIMIZATION_LEVEL = "-Onone";
			};
			name = Debug;
		};
		674C928428F2ABF70043CDB1 /* Release */ = {
			isa = XCBuildConfiguration;
			buildSettings = {
				ALWAYS_SEARCH_USER_PATHS = NO;
				CLANG_ANALYZER_NONNULL = YES;
				CLANG_ANALYZER_NUMBER_OBJECT_CONVERSION = YES_AGGRESSIVE;
				CLANG_CXX_LANGUAGE_STANDARD = "gnu++14";
				CLANG_CXX_LIBRARY = "libc++";
				CLANG_ENABLE_MODULES = YES;
				CLANG_ENABLE_OBJC_ARC = YES;
				CLANG_ENABLE_OBJC_WEAK = YES;
				CLANG_WARN_BLOCK_CAPTURE_AUTORELEASING = YES;
				CLANG_WARN_BOOL_CONVERSION = YES;
				CLANG_WARN_COMMA = YES;
				CLANG_WARN_CONSTANT_CONVERSION = YES;
				CLANG_WARN_DEPRECATED_OBJC_IMPLEMENTATIONS = YES;
				CLANG_WARN_DIRECT_OBJC_ISA_USAGE = YES_ERROR;
				CLANG_WARN_DOCUMENTATION_COMMENTS = YES;
				CLANG_WARN_EMPTY_BODY = YES;
				CLANG_WARN_ENUM_CONVERSION = YES;
				CLANG_WARN_INFINITE_RECURSION = YES;
				CLANG_WARN_INT_CONVERSION = YES;
				CLANG_WARN_NON_LITERAL_NULL_CONVERSION = YES;
				CLANG_WARN_OBJC_IMPLICIT_RETAIN_SELF = YES;
				CLANG_WARN_OBJC_LITERAL_CONVERSION = YES;
				CLANG_WARN_OBJC_ROOT_CLASS = YES_ERROR;
				CLANG_WARN_RANGE_LOOP_ANALYSIS = YES;
				CLANG_WARN_STRICT_PROTOTYPES = YES;
				CLANG_WARN_SUSPICIOUS_MOVE = YES;
				CLANG_WARN_UNGUARDED_AVAILABILITY = YES_AGGRESSIVE;
				CLANG_WARN_UNREACHABLE_CODE = YES;
				CLANG_WARN__DUPLICATE_METHOD_MATCH = YES;
				COPY_PHASE_STRIP = NO;
				DEBUG_INFORMATION_FORMAT = "dwarf-with-dsym";
				ENABLE_NS_ASSERTIONS = NO;
				ENABLE_STRICT_OBJC_MSGSEND = YES;
				GCC_C_LANGUAGE_STANDARD = gnu11;
				GCC_NO_COMMON_BLOCKS = YES;
				GCC_WARN_64_TO_32_BIT_CONVERSION = YES;
				GCC_WARN_ABOUT_RETURN_TYPE = YES_ERROR;
				GCC_WARN_UNDECLARED_SELECTOR = YES;
				GCC_WARN_UNINITIALIZED_AUTOS = YES_AGGRESSIVE;
				GCC_WARN_UNUSED_FUNCTION = YES;
				GCC_WARN_UNUSED_VARIABLE = YES;
				IPHONEOS_DEPLOYMENT_TARGET = 13.4;
				MTL_ENABLE_DEBUG_INFO = NO;
				MTL_FAST_MATH = YES;
				SDKROOT = iphoneos;
				SWIFT_COMPILATION_MODE = wholemodule;
				SWIFT_OPTIMIZATION_LEVEL = "-O";
				VALIDATE_PRODUCT = YES;
			};
			name = Release;
		};
		674C928628F2ABF70043CDB1 /* Debug */ = {
			isa = XCBuildConfiguration;
			baseConfigurationReference = 3B310926CBC80A930EDAD9AC /* Pods-Parstagram.debug.xcconfig */;
			buildSettings = {
				ASSETCATALOG_COMPILER_APPICON_NAME = AppIcon;
				CODE_SIGN_STYLE = Automatic;
				INFOPLIST_FILE = Parstagram/Info.plist;
				LD_RUNPATH_SEARCH_PATHS = (
					"$(inherited)",
					"@executable_path/Frameworks",
				);
				PRODUCT_BUNDLE_IDENTIFIER = com.minaIOS.Parstagram;
				PRODUCT_NAME = "$(TARGET_NAME)";
				SWIFT_VERSION = 5.0;
				TARGETED_DEVICE_FAMILY = "1,2";
			};
			name = Debug;
		};
		674C928728F2ABF70043CDB1 /* Release */ = {
			isa = XCBuildConfiguration;
			baseConfigurationReference = 5573AFF34C04570522C194FB /* Pods-Parstagram.release.xcconfig */;
			buildSettings = {
				ASSETCATALOG_COMPILER_APPICON_NAME = AppIcon;
				CODE_SIGN_STYLE = Automatic;
				INFOPLIST_FILE = Parstagram/Info.plist;
				LD_RUNPATH_SEARCH_PATHS = (
					"$(inherited)",
					"@executable_path/Frameworks",
				);
				PRODUCT_BUNDLE_IDENTIFIER = com.minaIOS.Parstagram;
				PRODUCT_NAME = "$(TARGET_NAME)";
				SWIFT_VERSION = 5.0;
				TARGETED_DEVICE_FAMILY = "1,2";
			};
			name = Release;
		};
/* End XCBuildConfiguration section */

/* Begin XCConfigurationList section */
		674C926C28F2ABF50043CDB1 /* Build configuration list for PBXProject "Parstagram" */ = {
			isa = XCConfigurationList;
			buildConfigurations = (
				674C928328F2ABF70043CDB1 /* Debug */,
				674C928428F2ABF70043CDB1 /* Release */,
			);
			defaultConfigurationIsVisible = 0;
			defaultConfigurationName = Release;
		};
		674C928528F2ABF70043CDB1 /* Build configuration list for PBXNativeTarget "Parstagram" */ = {
			isa = XCConfigurationList;
			buildConfigurations = (
				674C928628F2ABF70043CDB1 /* Debug */,
				674C928728F2ABF70043CDB1 /* Release */,
			);
			defaultConfigurationIsVisible = 0;
			defaultConfigurationName = Release;
		};
/* End XCConfigurationList section */

/* Begin XCRemoteSwiftPackageReference section */
		678573F228F4186400467138 /* XCRemoteSwiftPackageReference "Kingfisher" */ = {
			isa = XCRemoteSwiftPackageReference;
			repositoryURL = "https://github.com/onevcat/Kingfisher";
			requirement = {
				kind = upToNextMajorVersion;
				minimumVersion = 6.0.0;
			};
		};
/* End XCRemoteSwiftPackageReference section */

/* Begin XCSwiftPackageProductDependency section */
		678573F328F4186400467138 /* Kingfisher */ = {
			isa = XCSwiftPackageProductDependency;
			package = 678573F228F4186400467138 /* XCRemoteSwiftPackageReference "Kingfisher" */;
			productName = Kingfisher;
		};
/* End XCSwiftPackageProductDependency section */
	};
	rootObject = 674C926928F2ABF50043CDB1 /* Project object */;
}
